
Microsoft Visual Studio Solution File, Format Version 12.00
# Visual Studio Version 17
VisualStudioVersion = 17.0.32112.339
MinimumVisualStudioVersion = 10.0.40219.1
Project("{F184B08F-C81C-45F6-A57F-5ABD9991F28F}") = "GacTestApp", "Code\GacTestApp\GacTestApp.vbproj", "{864D1E69-B3A7-4223-AFF7-2D156CBF7709}"
EndProject
Project("{FAE04EC0-301F-11D3-BF4B-00C04F79EFBC}") = "Max.Domain.Mapping", "Code\Max.Domain.Mapping\Max.Domain.Mapping.csproj", "{3C39A9CA-A830-47BC-A93A-572ACF9DDA97}"
EndProject
Project("{FAE04EC0-301F-11D3-BF4B-00C04F79EFBC}") = "Max.Domain.Mapping.Entity", "Code\Max.Domain.Mapping.Entity\Max.Domain.Mapping.Entity.csproj", "{4D4C90ED-3D65-4862-BF84-A06E7B18C9F6}"
EndProject
Project("{FAE04EC0-301F-11D3-BF4B-00C04F79EFBC}") = "Max.Tools.DomainGenerator.15.0", "Code\Max.Tools.DomainGenerator\Max.Tools.DomainGenerator.15.0.csproj", "{ECDD11E4-5902-4BDA-AB00-7CCB2F2D7E5A}"
EndProject
Project("{FAE04EC0-301F-11D3-BF4B-00C04F79EFBC}") = "Sample.Business", "Samples\NetWcfApp\Sample.Business\Sample.Business.csproj", "{71E02F92-0F94-4F70-9E60-BE1F1BFF44B8}"
EndProject
Project("{FAE04EC0-301F-11D3-BF4B-00C04F79EFBC}") = "Sample.Contracts", "Samples\NetWcfApp\Sample.Contracts\Sample.Contracts.csproj", "{446C5B7A-4FBF-443B-BFD9-39302AD9B530}"
EndProject
Project("{FAE04EC0-301F-11D3-BF4B-00C04F79EFBC}") = "Sample.Tests", "Samples\NetWcfApp\Sample.Tests\Sample.Tests.csproj", "{A97F7826-3999-4167-9F66-C32B2AE786C1}"
EndProject
Project("{FAE04EC0-301F-11D3-BF4B-00C04F79EFBC}") = "Sample.WcfService", "Samples\NetWcfApp\Sample.WcfService\Sample.WcfService.csproj", "{F5821D44-D564-4B85-A1DE-C7F51713CA8C}"
EndProject
Project("{FAE04EC0-301F-11D3-BF4B-00C04F79EFBC}") = "SampleConsoleApp", "Samples\NetWcfApp\SampleConsoleApp\SampleConsoleApp.csproj", "{1AEA8907-FEBF-492F-AFA9-17871611535A}"
EndProject
Project("{2150E333-8FDC-42A3-9474-1A3956D46DE8}") = "Sample", "Sample", "{1AD2FADA-9A18-4364-AECF-731C26FB9AA8}"
EndProject
Project("{2150E333-8FDC-42A3-9474-1A3956D46DE8}") = "Code", "Code", "{B5595487-75F9-46C2-81D8-3FB099C58DB6}"
EndProject
Project("{2150E333-8FDC-42A3-9474-1A3956D46DE8}") = "Misc", "Misc", "{F2C212D9-EE85-4D2D-9FFD-B63D88B96B78}"
EndProject
Project("{2150E333-8FDC-42A3-9474-1A3956D46DE8}") = "Installer", "Installer", "{E3115BA7-DF60-4B05-9A94-D91E50D02216}"
	ProjectSection(SolutionItems) = preProject
		Installers\Manual install for VisualStudio 2022.txt = Installers\Manual install for VisualStudio 2022.txt
	EndProjectSection
EndProject
Project("{2150E333-8FDC-42A3-9474-1A3956D46DE8}") = "Documentation", "Documentation", "{84841C97-7EDD-4818-BBB6-D80CE9744DA7}"
	ProjectSection(SolutionItems) = preProject
		Documentation\Max Mapping Generation Manual.docx = Documentation\Max Mapping Generation Manual.docx
		Documentation\ReadMe.txt = Documentation\ReadMe.txt
	EndProjectSection
EndProject
Project("{2150E333-8FDC-42A3-9474-1A3956D46DE8}") = "Goodies", "Goodies", "{56AAA57A-2B45-47D8-B0E6-9E30A9366CA9}"
	ProjectSection(SolutionItems) = preProject
		Documentation\Goodies\SqlServerDevTools.sql = Documentation\Goodies\SqlServerDevTools.sql
	EndProjectSection
EndProject
Global
	GlobalSection(SolutionConfigurationPlatforms) = preSolution
		Debug|Any CPU = Debug|Any CPU
		Debug|x86 = Debug|x86
		Release|Any CPU = Release|Any CPU
		Release|x86 = Release|x86
	EndGlobalSection
	GlobalSection(ProjectConfigurationPlatforms) = postSolution
		{864D1E69-B3A7-4223-AFF7-2D156CBF7709}.Debug|Any CPU.ActiveCfg = Debug|x86
		{864D1E69-B3A7-4223-AFF7-2D156CBF7709}.Debug|x86.ActiveCfg = Debug|x86
		{864D1E69-B3A7-4223-AFF7-2D156CBF7709}.Debug|x86.Build.0 = Debug|x86
		{864D1E69-B3A7-4223-AFF7-2D156CBF7709}.Release|Any CPU.ActiveCfg = Release|x86
		{864D1E69-B3A7-4223-AFF7-2D156CBF7709}.Release|x86.ActiveCfg = Release|x86
		{864D1E69-B3A7-4223-AFF7-2D156CBF7709}.Release|x86.Build.0 = Release|x86
		{3C39A9CA-A830-47BC-A93A-572ACF9DDA97}.Debug|Any CPU.ActiveCfg = Debug|Any CPU
		{3C39A9CA-A830-47BC-A93A-572ACF9DDA97}.Debug|Any CPU.Build.0 = Debug|Any CPU
		{3C39A9CA-A830-47BC-A93A-572ACF9DDA97}.Debug|x86.ActiveCfg = Debug|Any CPU
		{3C39A9CA-A830-47BC-A93A-572ACF9DDA97}.Debug|x86.Build.0 = Debug|Any CPU
		{3C39A9CA-A830-47BC-A93A-572ACF9DDA97}.Release|Any CPU.ActiveCfg = Release|Any CPU
		{3C39A9CA-A830-47BC-A93A-572ACF9DDA97}.Release|Any CPU.Build.0 = Release|Any CPU
		{3C39A9CA-A830-47BC-A93A-572ACF9DDA97}.Release|x86.ActiveCfg = Release|Any CPU
		{3C39A9CA-A830-47BC-A93A-572ACF9DDA97}.Release|x86.Build.0 = Release|Any CPU
		{4D4C90ED-3D65-4862-BF84-A06E7B18C9F6}.Debug|Any CPU.ActiveCfg = Debug|Any CPU
		{4D4C90ED-3D65-4862-BF84-A06E7B18C9F6}.Debug|Any CPU.Build.0 = Debug|Any CPU
		{4D4C90ED-3D65-4862-BF84-A06E7B18C9F6}.Debug|x86.ActiveCfg = Debug|Any CPU
		{4D4C90ED-3D65-4862-BF84-A06E7B18C9F6}.Debug|x86.Build.0 = Debug|Any CPU
		{4D4C90ED-3D65-4862-BF84-A06E7B18C9F6}.Release|Any CPU.ActiveCfg = Release|Any CPU
		{4D4C90ED-3D65-4862-BF84-A06E7B18C9F6}.Release|Any CPU.Build.0 = Release|Any CPU
		{4D4C90ED-3D65-4862-BF84-A06E7B18C9F6}.Release|x86.ActiveCfg = Release|Any CPU
		{4D4C90ED-3D65-4862-BF84-A06E7B18C9F6}.Release|x86.Build.0 = Release|Any CPU
		{ECDD11E4-5902-4BDA-AB00-7CCB2F2D7E5A}.Debug|Any CPU.ActiveCfg = Debug|Any CPU
		{ECDD11E4-5902-4BDA-AB00-7CCB2F2D7E5A}.Debug|Any CPU.Build.0 = Debug|Any CPU
		{ECDD11E4-5902-4BDA-AB00-7CCB2F2D7E5A}.Debug|x86.ActiveCfg = Debug|Any CPU
		{ECDD11E4-5902-4BDA-AB00-7CCB2F2D7E5A}.Debug|x86.Build.0 = Debug|Any CPU
		{ECDD11E4-5902-4BDA-AB00-7CCB2F2D7E5A}.Release|Any CPU.ActiveCfg = Release|Any CPU
		{ECDD11E4-5902-4BDA-AB00-7CCB2F2D7E5A}.Release|Any CPU.Build.0 = Release|Any CPU
		{ECDD11E4-5902-4BDA-AB00-7CCB2F2D7E5A}.Release|x86.ActiveCfg = Release|Any CPU
		{ECDD11E4-5902-4BDA-AB00-7CCB2F2D7E5A}.Release|x86.Build.0 = Release|Any CPU
		{71E02F92-0F94-4F70-9E60-BE1F1BFF44B8}.Debug|Any CPU.ActiveCfg = Debug|Any CPU
		{71E02F92-0F94-4F70-9E60-BE1F1BFF44B8}.Debug|Any CPU.Build.0 = Debug|Any CPU
		{71E02F92-0F94-4F70-9E60-BE1F1BFF44B8}.Debug|x86.ActiveCfg = Debug|Any CPU
		{71E02F92-0F94-4F70-9E60-BE1F1BFF44B8}.Debug|x86.Build.0 = Debug|Any CPU
		{71E02F92-0F94-4F70-9E60-BE1F1BFF44B8}.Release|Any CPU.ActiveCfg = Release|Any CPU
		{71E02F92-0F94-4F70-9E60-BE1F1BFF44B8}.Release|Any CPU.Build.0 = Release|Any CPU
		{71E02F92-0F94-4F70-9E60-BE1F1BFF44B8}.Release|x86.ActiveCfg = Release|Any CPU
		{71E02F92-0F94-4F70-9E60-BE1F1BFF44B8}.Release|x86.Build.0 = Release|Any CPU
		{446C5B7A-4FBF-443B-BFD9-39302AD9B530}.Debug|Any CPU.ActiveCfg = Debug|Any CPU
		{446C5B7A-4FBF-443B-BFD9-39302AD9B530}.Debug|Any CPU.Build.0 = Debug|Any CPU
		{446C5B7A-4FBF-443B-BFD9-39302AD9B530}.Debug|x86.ActiveCfg = Debug|Any CPU
		{446C5B7A-4FBF-443B-BFD9-39302AD9B530}.Debug|x86.Build.0 = Debug|Any CPU
		{446C5B7A-4FBF-443B-BFD9-39302AD9B530}.Release|Any CPU.ActiveCfg = Release|Any CPU
		{446C5B7A-4FBF-443B-BFD9-39302AD9B530}.Release|Any CPU.Build.0 = Release|Any CPU
		{446C5B7A-4FBF-443B-BFD9-39302AD9B530}.Release|x86.ActiveCfg = Release|Any CPU
		{446C5B7A-4FBF-443B-BFD9-39302AD9B530}.Release|x86.Build.0 = Release|Any CPU
		{A97F7826-3999-4167-9F66-C32B2AE786C1}.Debug|Any CPU.ActiveCfg = Debug|Any CPU
		{A97F7826-3999-4167-9F66-C32B2AE786C1}.Debug|Any CPU.Build.0 = Debug|Any CPU
		{A97F7826-3999-4167-9F66-C32B2AE786C1}.Debug|x86.ActiveCfg = Debug|Any CPU
		{A97F7826-3999-4167-9F66-C32B2AE786C1}.Debug|x86.Build.0 = Debug|Any CPU
		{A97F7826-3999-4167-9F66-C32B2AE786C1}.Release|Any CPU.ActiveCfg = Release|Any CPU
		{A97F7826-3999-4167-9F66-C32B2AE786C1}.Release|Any CPU.Build.0 = Release|Any CPU
		{A97F7826-3999-4167-9F66-C32B2AE786C1}.Release|x86.ActiveCfg = Release|Any CPU
		{A97F7826-3999-4167-9F66-C32B2AE786C1}.Release|x86.Build.0 = Release|Any CPU
		{F5821D44-D564-4B85-A1DE-C7F51713CA8C}.Debug|Any CPU.ActiveCfg = Debug|Any CPU
		{F5821D44-D564-4B85-A1DE-C7F51713CA8C}.Debug|Any CPU.Build.0 = Debug|Any CPU
		{F5821D44-D564-4B85-A1DE-C7F51713CA8C}.Debug|x86.ActiveCfg = Debug|Any CPU
		{F5821D44-D564-4B85-A1DE-C7F51713CA8C}.Debug|x86.Build.0 = Debug|Any CPU
		{F5821D44-D564-4B85-A1DE-C7F51713CA8C}.Release|Any CPU.ActiveCfg = Release|Any CPU
		{F5821D44-D564-4B85-A1DE-C7F51713CA8C}.Release|Any CPU.Build.0 = Release|Any CPU
		{F5821D44-D564-4B85-A1DE-C7F51713CA8C}.Release|x86.ActiveCfg = Release|Any CPU
		{F5821D44-D564-4B85-A1DE-C7F51713CA8C}.Release|x86.Build.0 = Release|Any CPU
		{1AEA8907-FEBF-492F-AFA9-17871611535A}.Debug|Any CPU.ActiveCfg = Debug|x86
		{1AEA8907-FEBF-492F-AFA9-17871611535A}.Debug|x86.ActiveCfg = Debug|x86
		{1AEA8907-FEBF-492F-AFA9-17871611535A}.Debug|x86.Build.0 = Debug|x86
		{1AEA8907-FEBF-492F-AFA9-17871611535A}.Release|Any CPU.ActiveCfg = Release|x86
		{1AEA8907-FEBF-492F-AFA9-17871611535A}.Release|x86.ActiveCfg = Release|x86
		{1AEA8907-FEBF-492F-AFA9-17871611535A}.Release|x86.Build.0 = Release|x86
	EndGlobalSection
	GlobalSection(SolutionProperties) = preSolution
		HideSolutionNode = FALSE
	EndGlobalSection
	GlobalSection(NestedProjects) = preSolution
		{864D1E69-B3A7-4223-AFF7-2D156CBF7709} = {F2C212D9-EE85-4D2D-9FFD-B63D88B96B78}
		{3C39A9CA-A830-47BC-A93A-572ACF9DDA97} = {B5595487-75F9-46C2-81D8-3FB099C58DB6}
		{4D4C90ED-3D65-4862-BF84-A06E7B18C9F6} = {B5595487-75F9-46C2-81D8-3FB099C58DB6}
		{ECDD11E4-5902-4BDA-AB00-7CCB2F2D7E5A} = {B5595487-75F9-46C2-81D8-3FB099C58DB6}
		{71E02F92-0F94-4F70-9E60-BE1F1BFF44B8} = {1AD2FADA-9A18-4364-AECF-731C26FB9AA8}
		{446C5B7A-4FBF-443B-BFD9-39302AD9B530} = {1AD2FADA-9A18-4364-AECF-731C26FB9AA8}
		{A97F7826-3999-4167-9F66-C32B2AE786C1} = {1AD2FADA-9A18-4364-AECF-731C26FB9AA8}
		{F5821D44-D564-4B85-A1DE-C7F51713CA8C} = {1AD2FADA-9A18-4364-AECF-731C26FB9AA8}
		{1AEA8907-FEBF-492F-AFA9-17871611535A} = {1AD2FADA-9A18-4364-AECF-731C26FB9AA8}
		{56AAA57A-2B45-47D8-B0E6-9E30A9366CA9} = {84841C97-7EDD-4818-BBB6-D80CE9744DA7}
	EndGlobalSection
	GlobalSection(ExtensibilityGlobals) = postSolution
		SolutionGuid = {A113416C-43F8-43D7-8431-B2DD8077A0B1}
	EndGlobalSection
EndGlobal
