
Microsoft Visual Studio Solution File, Format Version 12.00
# Visual Studio 2013
VisualStudioVersion = 12.0.40629.0
MinimumVisualStudioVersion = 10.0.40219.1
Project("{FAE04EC0-301F-11D3-BF4B-00C04F79EFBC}") = "Sample.WcfService", "Samples\NetWcfApp\Sample.WcfService\Sample.WcfService.csproj", "{F5821D44-D564-4B85-A1DE-C7F51713CA8C}"
EndProject
Project("{FAE04EC0-301F-11D3-BF4B-00C04F79EFBC}") = "Max.Domain.Mapping.Entity", "Code\Max.Domain.Mapping.Entity\Max.Domain.Mapping.Entity.csproj", "{4D4C90ED-3D65-4862-BF84-A06E7B18C9F6}"
EndProject
Project("{FAE04EC0-301F-11D3-BF4B-00C04F79EFBC}") = "Max.Domain.Mapping", "Code\Max.Domain.Mapping\Max.Domain.Mapping.csproj", "{3C39A9CA-A830-47BC-A93A-572ACF9DDA97}"
EndProject
Project("{FAE04EC0-301F-11D3-BF4B-00C04F79EFBC}") = "Sample.Business", "Samples\NetWcfApp\Sample.Business\Sample.Business.csproj", "{71E02F92-0F94-4F70-9E60-BE1F1BFF44B8}"
EndProject
Project("{FAE04EC0-301F-11D3-BF4B-00C04F79EFBC}") = "Sample.Contracts", "Samples\NetWcfApp\Sample.Contracts\Sample.Contracts.csproj", "{446C5B7A-4FBF-443B-BFD9-39302AD9B530}"
EndProject
Project("{FAE04EC0-301F-11D3-BF4B-00C04F79EFBC}") = "Max.Tools.DomainGenerator.12.0", "Code\Max.Tools.DomainGenerator\Max.Tools.DomainGenerator.12.0.csproj", "{ECDD11E4-5902-4BDA-AB00-7CCB2F2D7E5A}"
EndProject
Project("{FAE04EC0-301F-11D3-BF4B-00C04F79EFBC}") = "Sample.Tests", "Samples\NetWcfApp\Sample.Tests\Sample.Tests.csproj", "{A97F7826-3999-4167-9F66-C32B2AE786C1}"
EndProject
Project("{FAE04EC0-301F-11D3-BF4B-00C04F79EFBC}") = "SampleConsoleApp", "Samples\NetWcfApp\SampleConsoleApp\SampleConsoleApp.csproj", "{1AEA8907-FEBF-492F-AFA9-17871611535A}"
EndProject
Project("{F184B08F-C81C-45F6-A57F-5ABD9991F28F}") = "GacTestApp", "Code\GacTestApp\GacTestApp.vbproj", "{864D1E69-B3A7-4223-AFF7-2D156CBF7709}"
EndProject
Project("{2150E333-8FDC-42A3-9474-1A3956D46DE8}") = "Samples", "Samples", "{88EB378C-ABC3-4E10-890E-DC6F07FB5E17}"
EndProject
Project("{2150E333-8FDC-42A3-9474-1A3956D46DE8}") = "NetWcfApp", "NetWcfApp", "{3A032F48-CD73-4D23-9E6A-A80FC32670D9}"
EndProject
Project("{2150E333-8FDC-42A3-9474-1A3956D46DE8}") = "Max Libraries", "Max Libraries", "{56BCD2DD-960A-40DF-A716-F1A45DEE839A}"
EndProject
Project("{2150E333-8FDC-42A3-9474-1A3956D46DE8}") = "Max Generator", "Max Generator", "{127492CF-84BC-4BE9-80E7-1AC8042D978C}"
EndProject
Project("{2150E333-8FDC-42A3-9474-1A3956D46DE8}") = "Misc", "Misc", "{5501D883-2FFA-4CE9-900E-6B032F3A516C}"
EndProject
Project("{2150E333-8FDC-42A3-9474-1A3956D46DE8}") = "Solution Items", "Solution Items", "{359EF6A3-BD09-4513-AD2B-43209AF1AE6C}"
	ProjectSection(SolutionItems) = preProject
		Backlog.txt = Backlog.txt
		LICENSE = LICENSE
		README.md = README.md
	EndProjectSection
EndProject
Project("{2150E333-8FDC-42A3-9474-1A3956D46DE8}") = "Setup", "Setup", "{73C49A14-5492-4030-AE60-A09A308A29C7}"
EndProject
Project("{6141683F-8A12-4E36-9623-2EB02B2C2303}") = "MaxExtensionsForVSNET2013InstallshieldSetup", "Installers\MaxExtensionsForVSNET2013InstallshieldSetup\MaxExtensionsForVSNET2013InstallshieldSetup.isproj", "{C47CC67B-75E7-4BC5-9888-9DF95BC04765}"
	ProjectSection(ProjectDependencies) = postProject
		{3C39A9CA-A830-47BC-A93A-572ACF9DDA97} = {3C39A9CA-A830-47BC-A93A-572ACF9DDA97}
		{ECDD11E4-5902-4BDA-AB00-7CCB2F2D7E5A} = {ECDD11E4-5902-4BDA-AB00-7CCB2F2D7E5A}
		{4D4C90ED-3D65-4862-BF84-A06E7B18C9F6} = {4D4C90ED-3D65-4862-BF84-A06E7B18C9F6}
	EndProjectSection
EndProject
Global
	GlobalSection(SolutionConfigurationPlatforms) = preSolution
		CD_ROM|Any CPU = CD_ROM|Any CPU
		CD_ROM|Mixed Platforms = CD_ROM|Mixed Platforms
		CD_ROM|x86 = CD_ROM|x86
		Debug|Any CPU = Debug|Any CPU
		Debug|Mixed Platforms = Debug|Mixed Platforms
		Debug|x86 = Debug|x86
		DVD-5|Any CPU = DVD-5|Any CPU
		DVD-5|Mixed Platforms = DVD-5|Mixed Platforms
		DVD-5|x86 = DVD-5|x86
		Release|Any CPU = Release|Any CPU
		Release|Mixed Platforms = Release|Mixed Platforms
		Release|x86 = Release|x86
		SingleImage|Any CPU = SingleImage|Any CPU
		SingleImage|Mixed Platforms = SingleImage|Mixed Platforms
		SingleImage|x86 = SingleImage|x86
	EndGlobalSection
	GlobalSection(ProjectConfigurationPlatforms) = postSolution
		{F5821D44-D564-4B85-A1DE-C7F51713CA8C}.CD_ROM|Any CPU.ActiveCfg = Release|Any CPU
		{F5821D44-D564-4B85-A1DE-C7F51713CA8C}.CD_ROM|Any CPU.Build.0 = Release|Any CPU
		{F5821D44-D564-4B85-A1DE-C7F51713CA8C}.CD_ROM|Mixed Platforms.ActiveCfg = Release|Any CPU
		{F5821D44-D564-4B85-A1DE-C7F51713CA8C}.CD_ROM|Mixed Platforms.Build.0 = Release|Any CPU
		{F5821D44-D564-4B85-A1DE-C7F51713CA8C}.CD_ROM|x86.ActiveCfg = Release|Any CPU
		{F5821D44-D564-4B85-A1DE-C7F51713CA8C}.Debug|Any CPU.ActiveCfg = Debug|Any CPU
		{F5821D44-D564-4B85-A1DE-C7F51713CA8C}.Debug|Any CPU.Build.0 = Debug|Any CPU
		{F5821D44-D564-4B85-A1DE-C7F51713CA8C}.Debug|Mixed Platforms.ActiveCfg = Debug|Any CPU
		{F5821D44-D564-4B85-A1DE-C7F51713CA8C}.Debug|Mixed Platforms.Build.0 = Debug|Any CPU
		{F5821D44-D564-4B85-A1DE-C7F51713CA8C}.Debug|x86.ActiveCfg = Debug|Any CPU
		{F5821D44-D564-4B85-A1DE-C7F51713CA8C}.DVD-5|Any CPU.ActiveCfg = Debug|Any CPU
		{F5821D44-D564-4B85-A1DE-C7F51713CA8C}.DVD-5|Any CPU.Build.0 = Debug|Any CPU
		{F5821D44-D564-4B85-A1DE-C7F51713CA8C}.DVD-5|Mixed Platforms.ActiveCfg = Debug|Any CPU
		{F5821D44-D564-4B85-A1DE-C7F51713CA8C}.DVD-5|Mixed Platforms.Build.0 = Debug|Any CPU
		{F5821D44-D564-4B85-A1DE-C7F51713CA8C}.DVD-5|x86.ActiveCfg = Debug|Any CPU
		{F5821D44-D564-4B85-A1DE-C7F51713CA8C}.Release|Any CPU.ActiveCfg = Release|Any CPU
		{F5821D44-D564-4B85-A1DE-C7F51713CA8C}.Release|Any CPU.Build.0 = Release|Any CPU
		{F5821D44-D564-4B85-A1DE-C7F51713CA8C}.Release|Mixed Platforms.ActiveCfg = Release|Any CPU
		{F5821D44-D564-4B85-A1DE-C7F51713CA8C}.Release|Mixed Platforms.Build.0 = Release|Any CPU
		{F5821D44-D564-4B85-A1DE-C7F51713CA8C}.Release|x86.ActiveCfg = Release|Any CPU
		{F5821D44-D564-4B85-A1DE-C7F51713CA8C}.SingleImage|Any CPU.ActiveCfg = Release|Any CPU
		{F5821D44-D564-4B85-A1DE-C7F51713CA8C}.SingleImage|Any CPU.Build.0 = Release|Any CPU
		{F5821D44-D564-4B85-A1DE-C7F51713CA8C}.SingleImage|Mixed Platforms.ActiveCfg = Release|Any CPU
		{F5821D44-D564-4B85-A1DE-C7F51713CA8C}.SingleImage|Mixed Platforms.Build.0 = Release|Any CPU
		{F5821D44-D564-4B85-A1DE-C7F51713CA8C}.SingleImage|x86.ActiveCfg = Release|Any CPU
		{4D4C90ED-3D65-4862-BF84-A06E7B18C9F6}.CD_ROM|Any CPU.ActiveCfg = Release|Any CPU
		{4D4C90ED-3D65-4862-BF84-A06E7B18C9F6}.CD_ROM|Any CPU.Build.0 = Release|Any CPU
		{4D4C90ED-3D65-4862-BF84-A06E7B18C9F6}.CD_ROM|Mixed Platforms.ActiveCfg = Release|Any CPU
		{4D4C90ED-3D65-4862-BF84-A06E7B18C9F6}.CD_ROM|Mixed Platforms.Build.0 = Release|Any CPU
		{4D4C90ED-3D65-4862-BF84-A06E7B18C9F6}.CD_ROM|x86.ActiveCfg = Release|Any CPU
		{4D4C90ED-3D65-4862-BF84-A06E7B18C9F6}.Debug|Any CPU.ActiveCfg = Debug|Any CPU
		{4D4C90ED-3D65-4862-BF84-A06E7B18C9F6}.Debug|Any CPU.Build.0 = Debug|Any CPU
		{4D4C90ED-3D65-4862-BF84-A06E7B18C9F6}.Debug|Mixed Platforms.ActiveCfg = Debug|Any CPU
		{4D4C90ED-3D65-4862-BF84-A06E7B18C9F6}.Debug|Mixed Platforms.Build.0 = Debug|Any CPU
		{4D4C90ED-3D65-4862-BF84-A06E7B18C9F6}.Debug|x86.ActiveCfg = Debug|Any CPU
		{4D4C90ED-3D65-4862-BF84-A06E7B18C9F6}.DVD-5|Any CPU.ActiveCfg = Debug|Any CPU
		{4D4C90ED-3D65-4862-BF84-A06E7B18C9F6}.DVD-5|Any CPU.Build.0 = Debug|Any CPU
		{4D4C90ED-3D65-4862-BF84-A06E7B18C9F6}.DVD-5|Mixed Platforms.ActiveCfg = Debug|Any CPU
		{4D4C90ED-3D65-4862-BF84-A06E7B18C9F6}.DVD-5|Mixed Platforms.Build.0 = Debug|Any CPU
		{4D4C90ED-3D65-4862-BF84-A06E7B18C9F6}.DVD-5|x86.ActiveCfg = Debug|Any CPU
		{4D4C90ED-3D65-4862-BF84-A06E7B18C9F6}.Release|Any CPU.ActiveCfg = Release|Any CPU
		{4D4C90ED-3D65-4862-BF84-A06E7B18C9F6}.Release|Any CPU.Build.0 = Release|Any CPU
		{4D4C90ED-3D65-4862-BF84-A06E7B18C9F6}.Release|Mixed Platforms.ActiveCfg = Release|Any CPU
		{4D4C90ED-3D65-4862-BF84-A06E7B18C9F6}.Release|Mixed Platforms.Build.0 = Release|Any CPU
		{4D4C90ED-3D65-4862-BF84-A06E7B18C9F6}.Release|x86.ActiveCfg = Release|Any CPU
		{4D4C90ED-3D65-4862-BF84-A06E7B18C9F6}.SingleImage|Any CPU.ActiveCfg = Release|Any CPU
		{4D4C90ED-3D65-4862-BF84-A06E7B18C9F6}.SingleImage|Any CPU.Build.0 = Release|Any CPU
		{4D4C90ED-3D65-4862-BF84-A06E7B18C9F6}.SingleImage|Mixed Platforms.ActiveCfg = Release|Any CPU
		{4D4C90ED-3D65-4862-BF84-A06E7B18C9F6}.SingleImage|Mixed Platforms.Build.0 = Release|Any CPU
		{4D4C90ED-3D65-4862-BF84-A06E7B18C9F6}.SingleImage|x86.ActiveCfg = Release|Any CPU
		{3C39A9CA-A830-47BC-A93A-572ACF9DDA97}.CD_ROM|Any CPU.ActiveCfg = Release|Any CPU
		{3C39A9CA-A830-47BC-A93A-572ACF9DDA97}.CD_ROM|Any CPU.Build.0 = Release|Any CPU
		{3C39A9CA-A830-47BC-A93A-572ACF9DDA97}.CD_ROM|Mixed Platforms.ActiveCfg = Release|Any CPU
		{3C39A9CA-A830-47BC-A93A-572ACF9DDA97}.CD_ROM|Mixed Platforms.Build.0 = Release|Any CPU
		{3C39A9CA-A830-47BC-A93A-572ACF9DDA97}.CD_ROM|x86.ActiveCfg = Release|Any CPU
		{3C39A9CA-A830-47BC-A93A-572ACF9DDA97}.Debug|Any CPU.ActiveCfg = Debug|Any CPU
		{3C39A9CA-A830-47BC-A93A-572ACF9DDA97}.Debug|Any CPU.Build.0 = Debug|Any CPU
		{3C39A9CA-A830-47BC-A93A-572ACF9DDA97}.Debug|Mixed Platforms.ActiveCfg = Debug|Any CPU
		{3C39A9CA-A830-47BC-A93A-572ACF9DDA97}.Debug|Mixed Platforms.Build.0 = Debug|Any CPU
		{3C39A9CA-A830-47BC-A93A-572ACF9DDA97}.Debug|x86.ActiveCfg = Debug|Any CPU
		{3C39A9CA-A830-47BC-A93A-572ACF9DDA97}.DVD-5|Any CPU.ActiveCfg = Debug|Any CPU
		{3C39A9CA-A830-47BC-A93A-572ACF9DDA97}.DVD-5|Any CPU.Build.0 = Debug|Any CPU
		{3C39A9CA-A830-47BC-A93A-572ACF9DDA97}.DVD-5|Mixed Platforms.ActiveCfg = Debug|Any CPU
		{3C39A9CA-A830-47BC-A93A-572ACF9DDA97}.DVD-5|Mixed Platforms.Build.0 = Debug|Any CPU
		{3C39A9CA-A830-47BC-A93A-572ACF9DDA97}.DVD-5|x86.ActiveCfg = Debug|Any CPU
		{3C39A9CA-A830-47BC-A93A-572ACF9DDA97}.Release|Any CPU.ActiveCfg = Release|Any CPU
		{3C39A9CA-A830-47BC-A93A-572ACF9DDA97}.Release|Any CPU.Build.0 = Release|Any CPU
		{3C39A9CA-A830-47BC-A93A-572ACF9DDA97}.Release|Mixed Platforms.ActiveCfg = Release|Any CPU
		{3C39A9CA-A830-47BC-A93A-572ACF9DDA97}.Release|Mixed Platforms.Build.0 = Release|Any CPU
		{3C39A9CA-A830-47BC-A93A-572ACF9DDA97}.Release|x86.ActiveCfg = Release|Any CPU
		{3C39A9CA-A830-47BC-A93A-572ACF9DDA97}.SingleImage|Any CPU.ActiveCfg = Release|Any CPU
		{3C39A9CA-A830-47BC-A93A-572ACF9DDA97}.SingleImage|Any CPU.Build.0 = Release|Any CPU
		{3C39A9CA-A830-47BC-A93A-572ACF9DDA97}.SingleImage|Mixed Platforms.ActiveCfg = Release|Any CPU
		{3C39A9CA-A830-47BC-A93A-572ACF9DDA97}.SingleImage|Mixed Platforms.Build.0 = Release|Any CPU
		{3C39A9CA-A830-47BC-A93A-572ACF9DDA97}.SingleImage|x86.ActiveCfg = Release|Any CPU
		{71E02F92-0F94-4F70-9E60-BE1F1BFF44B8}.CD_ROM|Any CPU.ActiveCfg = Release|Any CPU
		{71E02F92-0F94-4F70-9E60-BE1F1BFF44B8}.CD_ROM|Any CPU.Build.0 = Release|Any CPU
		{71E02F92-0F94-4F70-9E60-BE1F1BFF44B8}.CD_ROM|Mixed Platforms.ActiveCfg = Release|Any CPU
		{71E02F92-0F94-4F70-9E60-BE1F1BFF44B8}.CD_ROM|Mixed Platforms.Build.0 = Release|Any CPU
		{71E02F92-0F94-4F70-9E60-BE1F1BFF44B8}.CD_ROM|x86.ActiveCfg = Release|Any CPU
		{71E02F92-0F94-4F70-9E60-BE1F1BFF44B8}.Debug|Any CPU.ActiveCfg = Debug|Any CPU
		{71E02F92-0F94-4F70-9E60-BE1F1BFF44B8}.Debug|Any CPU.Build.0 = Debug|Any CPU
		{71E02F92-0F94-4F70-9E60-BE1F1BFF44B8}.Debug|Mixed Platforms.ActiveCfg = Debug|Any CPU
		{71E02F92-0F94-4F70-9E60-BE1F1BFF44B8}.Debug|Mixed Platforms.Build.0 = Debug|Any CPU
		{71E02F92-0F94-4F70-9E60-BE1F1BFF44B8}.Debug|x86.ActiveCfg = Debug|Any CPU
		{71E02F92-0F94-4F70-9E60-BE1F1BFF44B8}.DVD-5|Any CPU.ActiveCfg = Debug|Any CPU
		{71E02F92-0F94-4F70-9E60-BE1F1BFF44B8}.DVD-5|Any CPU.Build.0 = Debug|Any CPU
		{71E02F92-0F94-4F70-9E60-BE1F1BFF44B8}.DVD-5|Mixed Platforms.ActiveCfg = Debug|Any CPU
		{71E02F92-0F94-4F70-9E60-BE1F1BFF44B8}.DVD-5|Mixed Platforms.Build.0 = Debug|Any CPU
		{71E02F92-0F94-4F70-9E60-BE1F1BFF44B8}.DVD-5|x86.ActiveCfg = Debug|Any CPU
		{71E02F92-0F94-4F70-9E60-BE1F1BFF44B8}.Release|Any CPU.ActiveCfg = Release|Any CPU
		{71E02F92-0F94-4F70-9E60-BE1F1BFF44B8}.Release|Any CPU.Build.0 = Release|Any CPU
		{71E02F92-0F94-4F70-9E60-BE1F1BFF44B8}.Release|Mixed Platforms.ActiveCfg = Release|Any CPU
		{71E02F92-0F94-4F70-9E60-BE1F1BFF44B8}.Release|Mixed Platforms.Build.0 = Release|Any CPU
		{71E02F92-0F94-4F70-9E60-BE1F1BFF44B8}.Release|x86.ActiveCfg = Release|Any CPU
		{71E02F92-0F94-4F70-9E60-BE1F1BFF44B8}.SingleImage|Any CPU.ActiveCfg = Release|Any CPU
		{71E02F92-0F94-4F70-9E60-BE1F1BFF44B8}.SingleImage|Any CPU.Build.0 = Release|Any CPU
		{71E02F92-0F94-4F70-9E60-BE1F1BFF44B8}.SingleImage|Mixed Platforms.ActiveCfg = Release|Any CPU
		{71E02F92-0F94-4F70-9E60-BE1F1BFF44B8}.SingleImage|Mixed Platforms.Build.0 = Release|Any CPU
		{71E02F92-0F94-4F70-9E60-BE1F1BFF44B8}.SingleImage|x86.ActiveCfg = Release|Any CPU
		{446C5B7A-4FBF-443B-BFD9-39302AD9B530}.CD_ROM|Any CPU.ActiveCfg = Release|Any CPU
		{446C5B7A-4FBF-443B-BFD9-39302AD9B530}.CD_ROM|Any CPU.Build.0 = Release|Any CPU
		{446C5B7A-4FBF-443B-BFD9-39302AD9B530}.CD_ROM|Mixed Platforms.ActiveCfg = Release|Any CPU
		{446C5B7A-4FBF-443B-BFD9-39302AD9B530}.CD_ROM|Mixed Platforms.Build.0 = Release|Any CPU
		{446C5B7A-4FBF-443B-BFD9-39302AD9B530}.CD_ROM|x86.ActiveCfg = Release|Any CPU
		{446C5B7A-4FBF-443B-BFD9-39302AD9B530}.Debug|Any CPU.ActiveCfg = Debug|Any CPU
		{446C5B7A-4FBF-443B-BFD9-39302AD9B530}.Debug|Any CPU.Build.0 = Debug|Any CPU
		{446C5B7A-4FBF-443B-BFD9-39302AD9B530}.Debug|Mixed Platforms.ActiveCfg = Debug|Any CPU
		{446C5B7A-4FBF-443B-BFD9-39302AD9B530}.Debug|Mixed Platforms.Build.0 = Debug|Any CPU
		{446C5B7A-4FBF-443B-BFD9-39302AD9B530}.Debug|x86.ActiveCfg = Debug|Any CPU
		{446C5B7A-4FBF-443B-BFD9-39302AD9B530}.DVD-5|Any CPU.ActiveCfg = Debug|Any CPU
		{446C5B7A-4FBF-443B-BFD9-39302AD9B530}.DVD-5|Any CPU.Build.0 = Debug|Any CPU
		{446C5B7A-4FBF-443B-BFD9-39302AD9B530}.DVD-5|Mixed Platforms.ActiveCfg = Debug|Any CPU
		{446C5B7A-4FBF-443B-BFD9-39302AD9B530}.DVD-5|Mixed Platforms.Build.0 = Debug|Any CPU
		{446C5B7A-4FBF-443B-BFD9-39302AD9B530}.DVD-5|x86.ActiveCfg = Debug|Any CPU
		{446C5B7A-4FBF-443B-BFD9-39302AD9B530}.Release|Any CPU.ActiveCfg = Release|Any CPU
		{446C5B7A-4FBF-443B-BFD9-39302AD9B530}.Release|Any CPU.Build.0 = Release|Any CPU
		{446C5B7A-4FBF-443B-BFD9-39302AD9B530}.Release|Mixed Platforms.ActiveCfg = Release|Any CPU
		{446C5B7A-4FBF-443B-BFD9-39302AD9B530}.Release|Mixed Platforms.Build.0 = Release|Any CPU
		{446C5B7A-4FBF-443B-BFD9-39302AD9B530}.Release|x86.ActiveCfg = Release|Any CPU
		{446C5B7A-4FBF-443B-BFD9-39302AD9B530}.SingleImage|Any CPU.ActiveCfg = Release|Any CPU
		{446C5B7A-4FBF-443B-BFD9-39302AD9B530}.SingleImage|Any CPU.Build.0 = Release|Any CPU
		{446C5B7A-4FBF-443B-BFD9-39302AD9B530}.SingleImage|Mixed Platforms.ActiveCfg = Release|Any CPU
		{446C5B7A-4FBF-443B-BFD9-39302AD9B530}.SingleImage|Mixed Platforms.Build.0 = Release|Any CPU
		{446C5B7A-4FBF-443B-BFD9-39302AD9B530}.SingleImage|x86.ActiveCfg = Release|Any CPU
		{ECDD11E4-5902-4BDA-AB00-7CCB2F2D7E5A}.CD_ROM|Any CPU.ActiveCfg = Release|Any CPU
		{ECDD11E4-5902-4BDA-AB00-7CCB2F2D7E5A}.CD_ROM|Any CPU.Build.0 = Release|Any CPU
		{ECDD11E4-5902-4BDA-AB00-7CCB2F2D7E5A}.CD_ROM|Mixed Platforms.ActiveCfg = Release|Any CPU
		{ECDD11E4-5902-4BDA-AB00-7CCB2F2D7E5A}.CD_ROM|Mixed Platforms.Build.0 = Release|Any CPU
		{ECDD11E4-5902-4BDA-AB00-7CCB2F2D7E5A}.CD_ROM|x86.ActiveCfg = Release|Any CPU
		{ECDD11E4-5902-4BDA-AB00-7CCB2F2D7E5A}.Debug|Any CPU.ActiveCfg = Debug|Any CPU
		{ECDD11E4-5902-4BDA-AB00-7CCB2F2D7E5A}.Debug|Any CPU.Build.0 = Debug|Any CPU
		{ECDD11E4-5902-4BDA-AB00-7CCB2F2D7E5A}.Debug|Mixed Platforms.ActiveCfg = Debug|Any CPU
		{ECDD11E4-5902-4BDA-AB00-7CCB2F2D7E5A}.Debug|Mixed Platforms.Build.0 = Debug|Any CPU
		{ECDD11E4-5902-4BDA-AB00-7CCB2F2D7E5A}.Debug|x86.ActiveCfg = Debug|Any CPU
		{ECDD11E4-5902-4BDA-AB00-7CCB2F2D7E5A}.DVD-5|Any CPU.ActiveCfg = Debug|Any CPU
		{ECDD11E4-5902-4BDA-AB00-7CCB2F2D7E5A}.DVD-5|Any CPU.Build.0 = Debug|Any CPU
		{ECDD11E4-5902-4BDA-AB00-7CCB2F2D7E5A}.DVD-5|Mixed Platforms.ActiveCfg = Debug|Any CPU
		{ECDD11E4-5902-4BDA-AB00-7CCB2F2D7E5A}.DVD-5|Mixed Platforms.Build.0 = Debug|Any CPU
		{ECDD11E4-5902-4BDA-AB00-7CCB2F2D7E5A}.DVD-5|x86.ActiveCfg = Debug|Any CPU
		{ECDD11E4-5902-4BDA-AB00-7CCB2F2D7E5A}.Release|Any CPU.ActiveCfg = Release|Any CPU
		{ECDD11E4-5902-4BDA-AB00-7CCB2F2D7E5A}.Release|Any CPU.Build.0 = Release|Any CPU
		{ECDD11E4-5902-4BDA-AB00-7CCB2F2D7E5A}.Release|Mixed Platforms.ActiveCfg = Release|Any CPU
		{ECDD11E4-5902-4BDA-AB00-7CCB2F2D7E5A}.Release|Mixed Platforms.Build.0 = Release|Any CPU
		{ECDD11E4-5902-4BDA-AB00-7CCB2F2D7E5A}.Release|x86.ActiveCfg = Release|Any CPU
		{ECDD11E4-5902-4BDA-AB00-7CCB2F2D7E5A}.SingleImage|Any CPU.ActiveCfg = Release|Any CPU
		{ECDD11E4-5902-4BDA-AB00-7CCB2F2D7E5A}.SingleImage|Any CPU.Build.0 = Release|Any CPU
		{ECDD11E4-5902-4BDA-AB00-7CCB2F2D7E5A}.SingleImage|Mixed Platforms.ActiveCfg = Release|Any CPU
		{ECDD11E4-5902-4BDA-AB00-7CCB2F2D7E5A}.SingleImage|Mixed Platforms.Build.0 = Release|Any CPU
		{ECDD11E4-5902-4BDA-AB00-7CCB2F2D7E5A}.SingleImage|x86.ActiveCfg = Release|Any CPU
		{A97F7826-3999-4167-9F66-C32B2AE786C1}.CD_ROM|Any CPU.ActiveCfg = Release|Any CPU
		{A97F7826-3999-4167-9F66-C32B2AE786C1}.CD_ROM|Any CPU.Build.0 = Release|Any CPU
		{A97F7826-3999-4167-9F66-C32B2AE786C1}.CD_ROM|Mixed Platforms.ActiveCfg = Release|Any CPU
		{A97F7826-3999-4167-9F66-C32B2AE786C1}.CD_ROM|Mixed Platforms.Build.0 = Release|Any CPU
		{A97F7826-3999-4167-9F66-C32B2AE786C1}.CD_ROM|x86.ActiveCfg = Release|Any CPU
		{A97F7826-3999-4167-9F66-C32B2AE786C1}.Debug|Any CPU.ActiveCfg = Debug|Any CPU
		{A97F7826-3999-4167-9F66-C32B2AE786C1}.Debug|Any CPU.Build.0 = Debug|Any CPU
		{A97F7826-3999-4167-9F66-C32B2AE786C1}.Debug|Mixed Platforms.ActiveCfg = Debug|Any CPU
		{A97F7826-3999-4167-9F66-C32B2AE786C1}.Debug|Mixed Platforms.Build.0 = Debug|Any CPU
		{A97F7826-3999-4167-9F66-C32B2AE786C1}.Debug|x86.ActiveCfg = Debug|Any CPU
		{A97F7826-3999-4167-9F66-C32B2AE786C1}.DVD-5|Any CPU.ActiveCfg = Debug|Any CPU
		{A97F7826-3999-4167-9F66-C32B2AE786C1}.DVD-5|Any CPU.Build.0 = Debug|Any CPU
		{A97F7826-3999-4167-9F66-C32B2AE786C1}.DVD-5|Mixed Platforms.ActiveCfg = Debug|Any CPU
		{A97F7826-3999-4167-9F66-C32B2AE786C1}.DVD-5|Mixed Platforms.Build.0 = Debug|Any CPU
		{A97F7826-3999-4167-9F66-C32B2AE786C1}.DVD-5|x86.ActiveCfg = Debug|Any CPU
		{A97F7826-3999-4167-9F66-C32B2AE786C1}.Release|Any CPU.ActiveCfg = Release|Any CPU
		{A97F7826-3999-4167-9F66-C32B2AE786C1}.Release|Any CPU.Build.0 = Release|Any CPU
		{A97F7826-3999-4167-9F66-C32B2AE786C1}.Release|Mixed Platforms.ActiveCfg = Release|Any CPU
		{A97F7826-3999-4167-9F66-C32B2AE786C1}.Release|Mixed Platforms.Build.0 = Release|Any CPU
		{A97F7826-3999-4167-9F66-C32B2AE786C1}.Release|x86.ActiveCfg = Release|Any CPU
		{A97F7826-3999-4167-9F66-C32B2AE786C1}.SingleImage|Any CPU.ActiveCfg = Release|Any CPU
		{A97F7826-3999-4167-9F66-C32B2AE786C1}.SingleImage|Any CPU.Build.0 = Release|Any CPU
		{A97F7826-3999-4167-9F66-C32B2AE786C1}.SingleImage|Mixed Platforms.ActiveCfg = Release|Any CPU
		{A97F7826-3999-4167-9F66-C32B2AE786C1}.SingleImage|Mixed Platforms.Build.0 = Release|Any CPU
		{A97F7826-3999-4167-9F66-C32B2AE786C1}.SingleImage|x86.ActiveCfg = Release|Any CPU
		{1AEA8907-FEBF-492F-AFA9-17871611535A}.CD_ROM|Any CPU.ActiveCfg = Release|x86
		{1AEA8907-FEBF-492F-AFA9-17871611535A}.CD_ROM|Mixed Platforms.ActiveCfg = Release|x86
		{1AEA8907-FEBF-492F-AFA9-17871611535A}.CD_ROM|Mixed Platforms.Build.0 = Release|x86
		{1AEA8907-FEBF-492F-AFA9-17871611535A}.CD_ROM|x86.ActiveCfg = Release|x86
		{1AEA8907-FEBF-492F-AFA9-17871611535A}.CD_ROM|x86.Build.0 = Release|x86
		{1AEA8907-FEBF-492F-AFA9-17871611535A}.Debug|Any CPU.ActiveCfg = Debug|x86
		{1AEA8907-FEBF-492F-AFA9-17871611535A}.Debug|Mixed Platforms.ActiveCfg = Debug|x86
		{1AEA8907-FEBF-492F-AFA9-17871611535A}.Debug|Mixed Platforms.Build.0 = Debug|x86
		{1AEA8907-FEBF-492F-AFA9-17871611535A}.Debug|x86.ActiveCfg = Debug|x86
		{1AEA8907-FEBF-492F-AFA9-17871611535A}.Debug|x86.Build.0 = Debug|x86
		{1AEA8907-FEBF-492F-AFA9-17871611535A}.DVD-5|Any CPU.ActiveCfg = Debug|x86
		{1AEA8907-FEBF-492F-AFA9-17871611535A}.DVD-5|Mixed Platforms.ActiveCfg = Debug|x86
		{1AEA8907-FEBF-492F-AFA9-17871611535A}.DVD-5|Mixed Platforms.Build.0 = Debug|x86
		{1AEA8907-FEBF-492F-AFA9-17871611535A}.DVD-5|x86.ActiveCfg = Debug|x86
		{1AEA8907-FEBF-492F-AFA9-17871611535A}.DVD-5|x86.Build.0 = Debug|x86
		{1AEA8907-FEBF-492F-AFA9-17871611535A}.Release|Any CPU.ActiveCfg = Release|x86
		{1AEA8907-FEBF-492F-AFA9-17871611535A}.Release|Mixed Platforms.ActiveCfg = Release|x86
		{1AEA8907-FEBF-492F-AFA9-17871611535A}.Release|Mixed Platforms.Build.0 = Release|x86
		{1AEA8907-FEBF-492F-AFA9-17871611535A}.Release|x86.ActiveCfg = Release|x86
		{1AEA8907-FEBF-492F-AFA9-17871611535A}.Release|x86.Build.0 = Release|x86
		{1AEA8907-FEBF-492F-AFA9-17871611535A}.SingleImage|Any CPU.ActiveCfg = Release|x86
		{1AEA8907-FEBF-492F-AFA9-17871611535A}.SingleImage|Mixed Platforms.ActiveCfg = Release|x86
		{1AEA8907-FEBF-492F-AFA9-17871611535A}.SingleImage|Mixed Platforms.Build.0 = Release|x86
		{1AEA8907-FEBF-492F-AFA9-17871611535A}.SingleImage|x86.ActiveCfg = Release|x86
		{1AEA8907-FEBF-492F-AFA9-17871611535A}.SingleImage|x86.Build.0 = Release|x86
		{864D1E69-B3A7-4223-AFF7-2D156CBF7709}.CD_ROM|Any CPU.ActiveCfg = Release|x86
		{864D1E69-B3A7-4223-AFF7-2D156CBF7709}.CD_ROM|Mixed Platforms.ActiveCfg = Release|x86
		{864D1E69-B3A7-4223-AFF7-2D156CBF7709}.CD_ROM|Mixed Platforms.Build.0 = Release|x86
		{864D1E69-B3A7-4223-AFF7-2D156CBF7709}.CD_ROM|x86.ActiveCfg = Release|x86
		{864D1E69-B3A7-4223-AFF7-2D156CBF7709}.CD_ROM|x86.Build.0 = Release|x86
		{864D1E69-B3A7-4223-AFF7-2D156CBF7709}.Debug|Any CPU.ActiveCfg = Debug|x86
		{864D1E69-B3A7-4223-AFF7-2D156CBF7709}.Debug|Mixed Platforms.ActiveCfg = Debug|x86
		{864D1E69-B3A7-4223-AFF7-2D156CBF7709}.Debug|Mixed Platforms.Build.0 = Debug|x86
		{864D1E69-B3A7-4223-AFF7-2D156CBF7709}.Debug|x86.ActiveCfg = Debug|x86
		{864D1E69-B3A7-4223-AFF7-2D156CBF7709}.Debug|x86.Build.0 = Debug|x86
		{864D1E69-B3A7-4223-AFF7-2D156CBF7709}.DVD-5|Any CPU.ActiveCfg = Debug|x86
		{864D1E69-B3A7-4223-AFF7-2D156CBF7709}.DVD-5|Mixed Platforms.ActiveCfg = Debug|x86
		{864D1E69-B3A7-4223-AFF7-2D156CBF7709}.DVD-5|Mixed Platforms.Build.0 = Debug|x86
		{864D1E69-B3A7-4223-AFF7-2D156CBF7709}.DVD-5|x86.ActiveCfg = Debug|x86
		{864D1E69-B3A7-4223-AFF7-2D156CBF7709}.DVD-5|x86.Build.0 = Debug|x86
		{864D1E69-B3A7-4223-AFF7-2D156CBF7709}.Release|Any CPU.ActiveCfg = Release|x86
		{864D1E69-B3A7-4223-AFF7-2D156CBF7709}.Release|Mixed Platforms.ActiveCfg = Release|x86
		{864D1E69-B3A7-4223-AFF7-2D156CBF7709}.Release|Mixed Platforms.Build.0 = Release|x86
		{864D1E69-B3A7-4223-AFF7-2D156CBF7709}.Release|x86.ActiveCfg = Release|x86
		{864D1E69-B3A7-4223-AFF7-2D156CBF7709}.Release|x86.Build.0 = Release|x86
		{864D1E69-B3A7-4223-AFF7-2D156CBF7709}.SingleImage|Any CPU.ActiveCfg = Release|x86
		{864D1E69-B3A7-4223-AFF7-2D156CBF7709}.SingleImage|Mixed Platforms.ActiveCfg = Release|x86
		{864D1E69-B3A7-4223-AFF7-2D156CBF7709}.SingleImage|Mixed Platforms.Build.0 = Release|x86
		{864D1E69-B3A7-4223-AFF7-2D156CBF7709}.SingleImage|x86.ActiveCfg = Release|x86
		{864D1E69-B3A7-4223-AFF7-2D156CBF7709}.SingleImage|x86.Build.0 = Release|x86
		{C47CC67B-75E7-4BC5-9888-9DF95BC04765}.CD_ROM|Any CPU.ActiveCfg = CD_ROM
		{C47CC67B-75E7-4BC5-9888-9DF95BC04765}.CD_ROM|Any CPU.Build.0 = CD_ROM
		{C47CC67B-75E7-4BC5-9888-9DF95BC04765}.CD_ROM|Mixed Platforms.ActiveCfg = CD_ROM
		{C47CC67B-75E7-4BC5-9888-9DF95BC04765}.CD_ROM|Mixed Platforms.Build.0 = CD_ROM
		{C47CC67B-75E7-4BC5-9888-9DF95BC04765}.CD_ROM|x86.ActiveCfg = CD_ROM
		{C47CC67B-75E7-4BC5-9888-9DF95BC04765}.CD_ROM|x86.Build.0 = CD_ROM
		{C47CC67B-75E7-4BC5-9888-9DF95BC04765}.Debug|Any CPU.ActiveCfg = DVD-5
		{C47CC67B-75E7-4BC5-9888-9DF95BC04765}.Debug|Any CPU.Build.0 = DVD-5
		{C47CC67B-75E7-4BC5-9888-9DF95BC04765}.Debug|Mixed Platforms.ActiveCfg = DVD-5
		{C47CC67B-75E7-4BC5-9888-9DF95BC04765}.Debug|Mixed Platforms.Build.0 = DVD-5
		{C47CC67B-75E7-4BC5-9888-9DF95BC04765}.Debug|x86.ActiveCfg = DVD-5
		{C47CC67B-75E7-4BC5-9888-9DF95BC04765}.Debug|x86.Build.0 = DVD-5
		{C47CC67B-75E7-4BC5-9888-9DF95BC04765}.DVD-5|Any CPU.ActiveCfg = DVD-5
		{C47CC67B-75E7-4BC5-9888-9DF95BC04765}.DVD-5|Any CPU.Build.0 = DVD-5
		{C47CC67B-75E7-4BC5-9888-9DF95BC04765}.DVD-5|Mixed Platforms.ActiveCfg = DVD-5
		{C47CC67B-75E7-4BC5-9888-9DF95BC04765}.DVD-5|Mixed Platforms.Build.0 = DVD-5
		{C47CC67B-75E7-4BC5-9888-9DF95BC04765}.DVD-5|x86.ActiveCfg = DVD-5
		{C47CC67B-75E7-4BC5-9888-9DF95BC04765}.DVD-5|x86.Build.0 = DVD-5
		{C47CC67B-75E7-4BC5-9888-9DF95BC04765}.Release|Any CPU.ActiveCfg = SingleImage
		{C47CC67B-75E7-4BC5-9888-9DF95BC04765}.Release|Any CPU.Build.0 = SingleImage
		{C47CC67B-75E7-4BC5-9888-9DF95BC04765}.Release|Mixed Platforms.ActiveCfg = SingleImage
		{C47CC67B-75E7-4BC5-9888-9DF95BC04765}.Release|Mixed Platforms.Build.0 = SingleImage
		{C47CC67B-75E7-4BC5-9888-9DF95BC04765}.Release|x86.ActiveCfg = SingleImage
		{C47CC67B-75E7-4BC5-9888-9DF95BC04765}.Release|x86.Build.0 = SingleImage
		{C47CC67B-75E7-4BC5-9888-9DF95BC04765}.SingleImage|Any CPU.ActiveCfg = SingleImage
		{C47CC67B-75E7-4BC5-9888-9DF95BC04765}.SingleImage|Any CPU.Build.0 = SingleImage
		{C47CC67B-75E7-4BC5-9888-9DF95BC04765}.SingleImage|Mixed Platforms.ActiveCfg = SingleImage
		{C47CC67B-75E7-4BC5-9888-9DF95BC04765}.SingleImage|Mixed Platforms.Build.0 = SingleImage
		{C47CC67B-75E7-4BC5-9888-9DF95BC04765}.SingleImage|x86.ActiveCfg = SingleImage
		{C47CC67B-75E7-4BC5-9888-9DF95BC04765}.SingleImage|x86.Build.0 = SingleImage
	EndGlobalSection
	GlobalSection(SolutionProperties) = preSolution
		HideSolutionNode = FALSE
	EndGlobalSection
	GlobalSection(NestedProjects) = preSolution
		{F5821D44-D564-4B85-A1DE-C7F51713CA8C} = {3A032F48-CD73-4D23-9E6A-A80FC32670D9}
		{4D4C90ED-3D65-4862-BF84-A06E7B18C9F6} = {56BCD2DD-960A-40DF-A716-F1A45DEE839A}
		{3C39A9CA-A830-47BC-A93A-572ACF9DDA97} = {56BCD2DD-960A-40DF-A716-F1A45DEE839A}
		{71E02F92-0F94-4F70-9E60-BE1F1BFF44B8} = {3A032F48-CD73-4D23-9E6A-A80FC32670D9}
		{446C5B7A-4FBF-443B-BFD9-39302AD9B530} = {3A032F48-CD73-4D23-9E6A-A80FC32670D9}
		{ECDD11E4-5902-4BDA-AB00-7CCB2F2D7E5A} = {127492CF-84BC-4BE9-80E7-1AC8042D978C}
		{A97F7826-3999-4167-9F66-C32B2AE786C1} = {3A032F48-CD73-4D23-9E6A-A80FC32670D9}
		{1AEA8907-FEBF-492F-AFA9-17871611535A} = {3A032F48-CD73-4D23-9E6A-A80FC32670D9}
		{864D1E69-B3A7-4223-AFF7-2D156CBF7709} = {5501D883-2FFA-4CE9-900E-6B032F3A516C}
		{3A032F48-CD73-4D23-9E6A-A80FC32670D9} = {88EB378C-ABC3-4E10-890E-DC6F07FB5E17}
		{C47CC67B-75E7-4BC5-9888-9DF95BC04765} = {73C49A14-5492-4030-AE60-A09A308A29C7}
	EndGlobalSection
EndGlobal
